
Microsoft Visual Studio Solution File, Format Version 12.00
# Visual Studio Version 17
VisualStudioVersion = 17.7.34024.191
MinimumVisualStudioVersion = 10.0.40219.1
Project("{FAE04EC0-301F-11D3-BF4B-00C04F79EFBC}") = "YoutubeDownloader", "YoutubeDownloader.csproj", "{2130416D-73CF-416D-888C-04F4666EBFBD}"
EndProject
Global
	GlobalSection(SolutionConfigurationPlatforms) = preSolution
		Debug|Any CPU = Debug|Any CPU
		Release|Any CPU = Release|Any CPU
	EndGlobalSection
	GlobalSection(ProjectConfigurationPlatforms) = postSolution
		{2130416D-73CF-416D-888C-04F4666EBFBD}.Debug|Any CPU.ActiveCfg = Debug|Any CPU
		{2130416D-73CF-416D-888C-04F4666EBFBD}.Debug|Any CPU.Build.0 = Debug|Any CPU
		{2130416D-73CF-416D-888C-04F4666EBFBD}.Release|Any CPU.ActiveCfg = Release|Any CPU
		{2130416D-73CF-416D-888C-04F4666EBFBD}.Release|Any CPU.Build.0 = Release|Any CPU
	EndGlobalSection
	GlobalSection(SolutionProperties) = preSolution
		HideSolutionNode = FALSE
	EndGlobalSection
	GlobalSection(ExtensibilityGlobals) = postSolution
		SolutionGuid = {830EE06A-21FC-4B35-A8B3-8AD37C5B614C}
	EndGlobalSection
EndGlobal
